// !$*UTF8*$!
{
	archiveVersion = 1;
	classes = {
	};
	objectVersion = 46;
	objects = {

/* Begin PBXBuildFile section */
		A3297E011E47DA1C004A0EB3 /* AppDelegate.swift in Sources */ = {isa = PBXBuildFile; fileRef = A3297E001E47DA1C004A0EB3 /* AppDelegate.swift */; };
		A3297E031E47DA1C004A0EB3 /* ViewController.swift in Sources */ = {isa = PBXBuildFile; fileRef = A3297E021E47DA1C004A0EB3 /* ViewController.swift */; };
		A3297E061E47DA1C004A0EB3 /* Main.storyboard in Resources */ = {isa = PBXBuildFile; fileRef = A3297E041E47DA1C004A0EB3 /* Main.storyboard */; };
		A3297E081E47DA1C004A0EB3 /* Assets.xcassets in Resources */ = {isa = PBXBuildFile; fileRef = A3297E071E47DA1C004A0EB3 /* Assets.xcassets */; };
		A3297E0B1E47DA1C004A0EB3 /* LaunchScreen.storyboard in Resources */ = {isa = PBXBuildFile; fileRef = A3297E091E47DA1C004A0EB3 /* LaunchScreen.storyboard */; };
/* End PBXBuildFile section */

/* Begin PBXFileReference section */
		A3297DFD1E47DA1C004A0EB3 /* UTPB app.app */ = {isa = PBXFileReference; explicitFileType = wrapper.application; includeInIndex = 0; path = "UTPB app.app"; sourceTree = BUILT_PRODUCTS_DIR; };
		A3297E001E47DA1C004A0EB3 /* AppDelegate.swift */ = {isa = PBXFileReference; lastKnownFileType = sourcecode.swift; path = AppDelegate.swift; sourceTree = "<group>"; };
		A3297E021E47DA1C004A0EB3 /* ViewController.swift */ = {isa = PBXFileReference; lastKnownFileType = sourcecode.swift; path = ViewController.swift; sourceTree = "<group>"; };
		A3297E051E47DA1C004A0EB3 /* Base */ = {isa = PBXFileReference; lastKnownFileType = file.storyboard; name = Base; path = Base.lproj/Main.storyboard; sourceTree = "<group>"; };
		A3297E071E47DA1C004A0EB3 /* Assets.xcassets */ = {isa = PBXFileReference; lastKnownFileType = folder.assetcatalog; path = Assets.xcassets; sourceTree = "<group>"; };
		A3297E0A1E47DA1C004A0EB3 /* Base */ = {isa = PBXFileReference; lastKnownFileType = file.storyboard; name = Base; path = Base.lproj/LaunchScreen.storyboard; sourceTree = "<group>"; };
		A3297E0C1E47DA1C004A0EB3 /* Info.plist */ = {isa = PBXFileReference; lastKnownFileType = text.plist.xml; path = Info.plist; sourceTree = "<group>"; };
/* End PBXFileReference section */

/* Begin PBXFrameworksBuildPhase section */
		A3297DFA1E47DA1C004A0EB3 /* Frameworks */ = {
			isa = PBXFrameworksBuildPhase;
			buildActionMask = 2147483647;
			files = (
			);
			runOnlyForDeploymentPostprocessing = 0;
		};
/* End PBXFrameworksBuildPhase section */

/* Begin PBXGroup section */
		A3297DF41E47DA1B004A0EB3 = {
			isa = PBXGroup;
			children = (
				A3297DFF1E47DA1C004A0EB3 /* UTPB app */,
				A3297DFE1E47DA1C004A0EB3 /* Products */,
			);
			sourceTree = "<group>";
		};
		A3297DFE1E47DA1C004A0EB3 /* Products */ = {
			isa = PBXGroup;
			children = (
				A3297DFD1E47DA1C004A0EB3 /* UTPB app.app */,
			);
			name = Products;
			sourceTree = "<group>";
		};
		A3297DFF1E47DA1C004A0EB3 /* UTPB app */ = {
			isa = PBXGroup;
			children = (
				A3297E001E47DA1C004A0EB3 /* AppDelegate.swift */,
				A3297E021E47DA1C004A0EB3 /* ViewController.swift */,
				A3297E041E47DA1C004A0EB3 /* Main.storyboard */,
				A3297E071E47DA1C004A0EB3 /* Assets.xcassets */,
				A3297E091E47DA1C004A0EB3 /* LaunchScreen.storyboard */,
				A3297E0C1E47DA1C004A0EB3 /* Info.plist */,
			);
			path = "UTPB app";
			sourceTree = "<group>";
		};
/* End PBXGroup section */

/* Begin PBXNativeTarget section */
		A3297DFC1E47DA1C004A0EB3 /* UTPB app */ = {
			isa = PBXNativeTarget;
			buildConfigurationList = A3297E0F1E47DA1C004A0EB3 /* Build configuration list for PBXNativeTarget "UTPB app" */;
			buildPhases = (
				A3297DF91E47DA1C004A0EB3 /* Sources */,
				A3297DFA1E47DA1C004A0EB3 /* Frameworks */,
				A3297DFB1E47DA1C004A0EB3 /* Resources */,
			);
			buildRules = (
			);
			dependencies = (
			);
			name = "UTPB app";
			productName = "UTPB app";
			productReference = A3297DFD1E47DA1C004A0EB3 /* UTPB app.app */;
			productType = "com.apple.product-type.application";
		};
/* End PBXNativeTarget section */

/* Begin PBXProject section */
		A3297DF51E47DA1B004A0EB3 /* Project object */ = {
			isa = PBXProject;
			attributes = {
				LastSwiftUpdateCheck = 0820;
				LastUpgradeCheck = 0820;
				ORGANIZATIONNAME = "Stephen Romero";
				TargetAttributes = {
					A3297DFC1E47DA1C004A0EB3 = {
						CreatedOnToolsVersion = 8.2.1;
						DevelopmentTeam = 2329JA72M3;
						ProvisioningStyle = Automatic;
					};
				};
			};
			buildConfigurationList = A3297DF81E47DA1B004A0EB3 /* Build configuration list for PBXProject "UTPB app" */;
			compatibilityVersion = "Xcode 3.2";
			developmentRegion = English;
			hasScannedForEncodings = 0;
			knownRegions = (
				en,
				Base,
			);
			mainGroup = A3297DF41E47DA1B004A0EB3;
			productRefGroup = A3297DFE1E47DA1C004A0EB3 /* Products */;
			projectDirPath = "";
			projectRoot = "";
			targets = (
				A3297DFC1E47DA1C004A0EB3 /* UTPB app */,
			);
		};
/* End PBXProject section */

/* Begin PBXResourcesBuildPhase section */
		A3297DFB1E47DA1C004A0EB3 /* Resources */ = {
			isa = PBXResourcesBuildPhase;
			buildActionMask = 2147483647;
			files = (
				A3297E0B1E47DA1C004A0EB3 /* LaunchScreen.storyboard in Resources */,
				A3297E081E47DA1C004A0EB3 /* Assets.xcassets in Resources */,
				A3297E061E47DA1C004A0EB3 /* Main.storyboard in Resources */,
			);
			runOnlyForDeploymentPostprocessing = 0;
		};
/* End PBXResourcesBuildPhase section */

/* Begin PBXSourcesBuildPhase section */
		A3297DF91E47DA1C004A0EB3 /* Sources */ = {
			isa = PBXSourcesBuildPhase;
			buildActionMask = 2147483647;
			files = (
				A3297E031E47DA1C004A0EB3 /* ViewController.swift in Sources */,
				A3297E011E47DA1C004A0EB3 /* AppDelegate.swift in Sources */,
			);
			runOnlyForDeploymentPostprocessing = 0;
		};
/* End PBXSourcesBuildPhase section */

/* Begin PBXVariantGroup section */
		A3297E041E47DA1C004A0EB3 /* Main.storyboard */ = {
			isa = PBXVariantGroup;
			children = (
				A3297E051E47DA1C004A0EB3 /* Base */,
			);
			name = Main.storyboard;
			sourceTree = "<group>";
		};
		A3297E091E47DA1C004A0EB3 /* LaunchScreen.storyboard */ = {
			isa = PBXVariantGroup;
			children = (
				A3297E0A1E47DA1C004A0EB3 /* Base */,
			);
			name = LaunchScreen.storyboard;
			sourceTree = "<group>";
		};
/* End PBXVariantGroup section */

/* Begin XCBuildConfiguration section */
		A3297E0D1E47DA1C004A0EB3 /* Debug */ = {
			isa = XCBuildConfiguration;
			buildSettings = {
				ALWAYS_SEARCH_USER_PATHS = NO;
				CLANG_ANALYZER_NONNULL = YES;
				CLANG_CXX_LANGUAGE_STANDARD = "gnu++0x";
				CLANG_CXX_LIBRARY = "libc++";
				CLANG_ENABLE_MODULES = YES;
				CLANG_ENABLE_OBJC_ARC = YES;
				CLANG_WARN_BOOL_CONVERSION = YES;
				CLANG_WARN_CONSTANT_CONVERSION = YES;
				CLANG_WARN_DIRECT_OBJC_ISA_USAGE = YES_ERROR;
				CLANG_WARN_DOCUMENTATION_COMMENTS = YES;
				CLANG_WARN_EMPTY_BODY = YES;
				CLANG_WARN_ENUM_CONVERSION = YES;
				CLANG_WARN_INFINITE_RECURSION = YES;
				CLANG_WARN_INT_CONVERSION = YES;
				CLANG_WARN_OBJC_ROOT_CLASS = YES_ERROR;
				CLANG_WARN_SUSPICIOUS_MOVE = YES;
				CLANG_WARN_UNREACHABLE_CODE = YES;
				CLANG_WARN__DUPLICATE_METHOD_MATCH = YES;
				"CODE_SIGN_IDENTITY[sdk=iphoneos*]" = "iPhone Developer";
				COPY_PHASE_STRIP = NO;
				DEBUG_INFORMATION_FORMAT = dwarf;
				ENABLE_STRICT_OBJC_MSGSEND = YES;
				ENABLE_TESTABILITY = YES;
				GCC_C_LANGUAGE_STANDARD = gnu99;
				GCC_DYNAMIC_NO_PIC = NO;
				GCC_NO_COMMON_BLOCKS = YES;
				GCC_OPTIMIZATION_LEVEL = 0;
				GCC_PREPROCESSOR_DEFINITIONS = (
					"DEBUG=1",
					"$(inherited)",
				);
				GCC_WARN_64_TO_32_BIT_CONVERSION = YES;
				GCC_WARN_ABOUT_RETURN_TYPE = YES_ERROR;
				GCC_WARN_UNDECLARED_SELECTOR = YES;
				GCC_WARN_UNINITIALIZED_AUTOS = YES_AGGRESSIVE;
				GCC_WARN_UNUSED_FUNCTION = YES;
				GCC_WARN_UNUSED_VARIABLE = YES;
				IPHONEOS_DEPLOYMENT_TARGET = 10.2;
				MTL_ENABLE_DEBUG_INFO = YES;
				ONLY_ACTIVE_ARCH = YES;
				SDKROOT = iphoneos;
				SWIFT_ACTIVE_COMPILATION_CONDITIONS = DEBUG;
				SWIFT_OPTIMIZATION_LEVEL = "-Onone";
				TARGETED_DEVICE_FAMILY = "1,2";
			};
			name = Debug;
		};
		A3297E0E1E47DA1C004A0EB3 /* Release */ = {
			isa = XCBuildConfiguration;
			buildSettings = {
				ALWAYS_SEARCH_USER_PATHS = NO;
				CLANG_ANALYZER_NONNULL = YES;
				CLANG_CXX_LANGUAGE_STANDARD = "gnu++0x";
				CLANG_CXX_LIBRARY = "libc++";
				CLANG_ENABLE_MODULES = YES;
				CLANG_ENABLE_OBJC_ARC = YES;
				CLANG_WARN_BOOL_CONVERSION = YES;
				CLANG_WARN_CONSTANT_CONVERSION = YES;
				CLANG_WARN_DIRECT_OBJC_ISA_USAGE = YES_ERROR;
				CLANG_WARN_DOCUMENTATION_COMMENTS = YES;
				CLANG_WARN_EMPTY_BODY = YES;
				CLANG_WARN_ENUM_CONVERSION = YES;
				CLANG_WARN_INFINITE_RECURSION = YES;
				CLANG_WARN_INT_CONVERSION = YES;
				CLANG_WARN_OBJC_ROOT_CLASS = YES_ERROR;
				CLANG_WARN_SUSPICIOUS_MOVE = YES;
				CLANG_WARN_UNREACHABLE_CODE = YES;
				CLANG_WARN__DUPLICATE_METHOD_MATCH = YES;
				"CODE_SIGN_IDENTITY[sdk=iphoneos*]" = "iPhone Developer";
				COPY_PHASE_STRIP = NO;
				DEBUG_INFORMATION_FORMAT = "dwarf-with-dsym";
				ENABLE_NS_ASSERTIONS = NO;
				ENABLE_STRICT_OBJC_MSGSEND = YES;
				GCC_C_LANGUAGE_STANDARD = gnu99;
				GCC_NO_COMMON_BLOCKS = YES;
				GCC_WARN_64_TO_32_BIT_CONVERSION = YES;
				GCC_WARN_ABOUT_RETURN_TYPE = YES_ERROR;
				GCC_WARN_UNDECLARED_SELECTOR = YES;
				GCC_WARN_UNINITIALIZED_AUTOS = YES_AGGRESSIVE;
				GCC_WARN_UNUSED_FUNCTION = YES;
				GCC_WARN_UNUSED_VARIABLE = YES;
				IPHONEOS_DEPLOYMENT_TARGET = 10.2;
				MTL_ENABLE_DEBUG_INFO = NO;
				SDKROOT = iphoneos;
				SWIFT_OPTIMIZATION_LEVEL = "-Owholemodule";
				TARGETED_DEVICE_FAMILY = "1,2";
				VALIDATE_PRODUCT = YES;
			};
			name = Release;
		};
		A3297E101E47DA1C004A0EB3 /* Debug */ = {
			isa = XCBuildConfiguration;
			buildSettings = {
				ASSETCATALOG_COMPILER_APPICON_NAME = AppIcon;
				DEVELOPMENT_TEAM = 2329JA72M3;
				INFOPLIST_FILE = "UTPB app/Info.plist";
				LD_RUNPATH_SEARCH_PATHS = "$(inherited) @executable_path/Frameworks";
				PRODUCT_BUNDLE_IDENTIFIER = "com.StephenRomero.UTPB-app";
				PRODUCT_NAME = "$(TARGET_NAME)";
				SWIFT_VERSION = 3.0;
			};
			name = Debug;
		};
		A3297E111E47DA1C004A0EB3 /* Release */ = {
			isa = XCBuildConfiguration;
			buildSettings = {
				ASSETCATALOG_COMPILER_APPICON_NAME = AppIcon;
				DEVELOPMENT_TEAM = 2329JA72M3;
				INFOPLIST_FILE = "UTPB app/Info.plist";
				LD_RUNPATH_SEARCH_PATHS = "$(inherited) @executable_path/Frameworks";
				PRODUCT_BUNDLE_IDENTIFIER = "com.StephenRomero.UTPB-app";
				PRODUCT_NAME = "$(TARGET_NAME)";
				SWIFT_VERSION = 3.0;
			};
			name = Release;
		};
/* End XCBuildConfiguration section */

/* Begin XCConfigurationList section */
		A3297DF81E47DA1B004A0EB3 /* Build configuration list for PBXProject "UTPB app" */ = {
			isa = XCConfigurationList;
			buildConfigurations = (
				A3297E0D1E47DA1C004A0EB3 /* Debug */,
				A3297E0E1E47DA1C004A0EB3 /* Release */,
			);
			defaultConfigurationIsVisible = 0;
			defaultConfigurationName = Release;
		};
		A3297E0F1E47DA1C004A0EB3 /* Build configuration list for PBXNativeTarget "UTPB app" */ = {
			isa = XCConfigurationList;
			buildConfigurations = (
				A3297E101E47DA1C004A0EB3 /* Debug */,
				A3297E111E47DA1C004A0EB3 /* Release */,
			);
			defaultConfigurationIsVisible = 0;
		};
/* End XCConfigurationList section */
	};
	rootObject = A3297DF51E47DA1B004A0EB3 /* Project object */;
}
